<?xml version="1.0" encoding="utf-8"?>
<Project ToolsVersion="4.0" xmlns="http://schemas.microsoft.com/developer/msbuild/2003">
  <ItemGroup>
    <Filter Include="Translation Files">
      <UniqueIdentifier>{639EADAA-A684-42e4-A9AD-28FC9BCB8F7C}</UniqueIdentifier>
      <Extensions>ts</Extensions>
    </Filter>
    <Filter Include="src">
      <UniqueIdentifier>{4FC737F1-C7A5-4376-A066-2A32D752A2FF}</UniqueIdentifier>
      <Extensions>cpp;c;cc;cxx;def;odl;idl;hpj;bat;asm;asmx</Extensions>
    </Filter>
    <Filter Include="res">
      <UniqueIdentifier>{67DA6AB6-F800-4c08-8B7A-83BB121AAD01}</UniqueIdentifier>
      <Extensions>qrc;rc;ico;cur;bmp;dlg;rc2;rct;bin;rgs;gif;jpg;jpeg;jpe;resx;tiff;tif;png;wav;mfcribbon-ms</Extensions>
    </Filter>
    <Filter Include="import">
      <UniqueIdentifier>{972a6294-f765-4bc1-89eb-92a691ba054b}</UniqueIdentifier>
    </Filter>
    <Filter Include="import\QHotKey">
      <UniqueIdentifier>{a95b38af-488f-456f-8634-ceb70967223b}</UniqueIdentifier>
    </Filter>
    <Filter Include="src\utils">
      <UniqueIdentifier>{8a4ce67c-0428-4d6f-bebb-48b9fdf3c225}</UniqueIdentifier>
    </Filter>
    <Filter Include="src\shortcut">
      <UniqueIdentifier>{16608f93-4f25-4cf4-a6a0-c8e91301bd7f}</UniqueIdentifier>
    </Filter>
    <Filter Include="src\test">
      <UniqueIdentifier>{5b65e8ea-4903-4b17-b657-e47210d7ab57}</UniqueIdentifier>
    </Filter>
    <Filter Include="src\setting">
      <UniqueIdentifier>{213f2946-5841-4ad4-8412-da5ce1b65829}</UniqueIdentifier>
    </Filter>
  </ItemGroup>
  <ItemGroup>
    <QtRcc Include="WindowsAssist.qrc">
      <Filter>res</Filter>
    </QtRcc>
  </ItemGroup>
  <ItemGroup>
    <ClCompile Include="src\main.cpp">
      <Filter>src</Filter>
    </ClCompile>
    <ClCompile Include="src\WindowsAssist.cpp">
      <Filter>src</Filter>
    </ClCompile>
    <ClCompile Include="QHotkey\QHotkey\qhotkey.cpp">
      <Filter>import\QHotKey</Filter>
    </ClCompile>
    <ClCompile Include="QHotkey\QHotkey\qhotkey_win.cpp">
      <Filter>import\QHotKey</Filter>
    </ClCompile>
    <ClCompile Include="src\shortcut\ShortcutWidget.cpp">
      <Filter>src\shortcut</Filter>
    </ClCompile>
    <ClCompile Include="src\test\TestClass.cpp">
      <Filter>src\test</Filter>
    </ClCompile>
    <ClCompile Include="src\shortcut\ShortcutRepository.cpp">
      <Filter>src\shortcut</Filter>
    </ClCompile>
    <ClCompile Include="src\shortcut\ShortcutService.cpp">
      <Filter>src\shortcut</Filter>
    </ClCompile>
    <ClCompile Include="src\utils\KeyboardEvent.cpp">
      <Filter>src\utils</Filter>
    </ClCompile>
    <ClCompile Include="src\shortcut\ShortcutFunction.cpp">
      <Filter>src\shortcut</Filter>
    </ClCompile>
    <ClCompile Include="src\setting\SettingWidget.cpp">
      <Filter>src\setting</Filter>
    </ClCompile>
  </ItemGroup>
  <ItemGroup>
    <QtMoc Include="src\WindowsAssist.h">
      <Filter>src</Filter>
    </QtMoc>
    <QtMoc Include="QHotkey\QHotkey\qhotkey_p.h">
      <Filter>import\QHotKey</Filter>
    </QtMoc>
    <QtMoc Include="QHotkey\QHotkey\qhotkey.h">
      <Filter>import\QHotKey</Filter>
    </QtMoc>
    <QtMoc Include="src\shortcut\ShortcutWidget.h">
      <Filter>src\shortcut</Filter>
    </QtMoc>
    <QtMoc Include="src\test\TestClass.h">
      <Filter>src\test</Filter>
    </QtMoc>
    <QtMoc Include="src\shortcut\ShortcutService.h">
      <Filter>src\shortcut</Filter>
    </QtMoc>
    <QtMoc Include="src\setting\SettingWidget.h">
      <Filter>src\setting</Filter>
    </QtMoc>
  </ItemGroup>
  <ItemGroup>
    <QtUic Include="src\WindowsAssist.ui">
      <Filter>src</Filter>
    </QtUic>
    <QtUic Include="src\shortcut\ShortcutWidget.ui">
      <Filter>src\shortcut</Filter>
    </QtUic>
    <QtUic Include="src\setting\SettingWidget.ui">
      <Filter>src\setting</Filter>
    </QtUic>
  </ItemGroup>
  <ItemGroup>
    <ClInclude Include="src\utils\GlobalDefine.h">
      <Filter>src\utils</Filter>
    </ClInclude>
    <ClInclude Include="src\shortcut\ShortcutData.h">
      <Filter>src\shortcut</Filter>
    </ClInclude>
    <ClInclude Include="src\shortcut\ShortcutRepository.h">
      <Filter>src\shortcut</Filter>
    </ClInclude>
    <ClInclude Include="src\utils\KeyboardEvent.h">
      <Filter>src\utils</Filter>
    </ClInclude>
    <ClInclude Include="src\shortcut\ShortcutFunction.h">
      <Filter>src\shortcut</Filter>
    </ClInclude>
  </ItemGroup>
</Project>